
Microsoft Visual Studio Solution File, Format Version 12.00
# Visual Studio Version 17
VisualStudioVersion = 17.0.31612.314
MinimumVisualStudioVersion = 10.0.40219.1
Project("{9A19103F-16F7-4668-BE54-9A1E7A4F7556}") = "XKPwGen.Options", "XKPwGen.Options\XKPwGen.Options.csproj", "{386BD8F4-EFC3-4064-A331-7F71C7205F4B}"
EndProject
Project("{FAE04EC0-301F-11D3-BF4B-00C04F79EFBC}") = "XKPwGen.Core", "XKPwGen.Core\XKPwGen.Core.csproj", "{2277C7FE-5973-47B9-BFF5-55DE2B4D67BD}"
EndProject
Project("{FAE04EC0-301F-11D3-BF4B-00C04F79EFBC}") = "XKPwGen.Core.Tests", "XKPwGen.Core.Tests\XKPwGen.Core.Tests.csproj", "{D86CECC9-0FE3-4321-8E27-E5FE4D46AE13}"
EndProject
Global
	GlobalSection(SolutionConfigurationPlatforms) = preSolution
		Debug|Any CPU = Debug|Any CPU
		Release|Any CPU = Release|Any CPU
	EndGlobalSection
	GlobalSection(ProjectConfigurationPlatforms) = postSolution
		{386BD8F4-EFC3-4064-A331-7F71C7205F4B}.Debug|Any CPU.ActiveCfg = Debug|Any CPU
		{386BD8F4-EFC3-4064-A331-7F71C7205F4B}.Debug|Any CPU.Build.0 = Debug|Any CPU
		{386BD8F4-EFC3-4064-A331-7F71C7205F4B}.Release|Any CPU.ActiveCfg = Release|Any CPU
		{386BD8F4-EFC3-4064-A331-7F71C7205F4B}.Release|Any CPU.Build.0 = Release|Any CPU
		{2277C7FE-5973-47B9-BFF5-55DE2B4D67BD}.Debug|Any CPU.ActiveCfg = Debug|Any CPU
		{2277C7FE-5973-47B9-BFF5-55DE2B4D67BD}.Debug|Any CPU.Build.0 = Debug|Any CPU
		{2277C7FE-5973-47B9-BFF5-55DE2B4D67BD}.Release|Any CPU.ActiveCfg = Release|Any CPU
		{2277C7FE-5973-47B9-BFF5-55DE2B4D67BD}.Release|Any CPU.Build.0 = Release|Any CPU
		{D86CECC9-0FE3-4321-8E27-E5FE4D46AE13}.Debug|Any CPU.ActiveCfg = Debug|Any CPU
		{D86CECC9-0FE3-4321-8E27-E5FE4D46AE13}.Debug|Any CPU.Build.0 = Debug|Any CPU
		{D86CECC9-0FE3-4321-8E27-E5FE4D46AE13}.Release|Any CPU.ActiveCfg = Release|Any CPU
		{D86CECC9-0FE3-4321-8E27-E5FE4D46AE13}.Release|Any CPU.Build.0 = Release|Any CPU
	EndGlobalSection
	GlobalSection(SolutionProperties) = preSolution
		HideSolutionNode = FALSE
	EndGlobalSection
	GlobalSection(ExtensibilityGlobals) = postSolution
		SolutionGuid = {60978861-E82D-4FBC-9830-776CD7C34812}
	EndGlobalSection
EndGlobal
